version = 1
revision = 3
requires-python = ">=3.11"

[[package]]
name = "demo-durable-workflow"
version = "0.1.0"
source = { virtual = "." }
dependencies = [
    { name = "temporalio" },
]

[package.metadata]
requires-dist = [{ name = "temporalio", specifier = ">=1.32.0,<2" }]

[[package]]
name = "nexus-rpc"
version = "1.4.0"
source = { registry = "https://pypi.org/simple" }
dependencies = [
    { name = "typing-extensions" },
]
sdist = { url = "https://files.pythonhosted.org/packages/35/d5/cd1ffb202b76ebc1b33c1332a3416e55a39929006982adc2b1eb069aaa9b/nexus_rpc-1.4.0.tar.gz", hash = "sha256:3b8b373d4865671789cc43623e3dc0bcbf192562e40e13727e17f1c149050fba", size = 82367, upload-time = "2026-02-25T22:01:34.053Z" }
wheels = [
    { url = "https://files.pythonhosted.org/packages/11/52/6327a5f4fda01207205038a106a99848a41c83e933cd23ea2cab3d2ebc6c/nexus_rpc-1.4.0-py3-none-any.whl", hash = "sha256:14c953d3519113f8ccec533a9efdb6b10c28afef75d11cdd6d422640c40b3a49", size = 29645, upload-time = "2026-02-25T22:01:33.122Z" },
]

[[package]]
name = "protobuf"
version = "7.36.0"
source = { registry = "https://pypi.org/simple" }
sdist = { url = "https://files.pythonhosted.org/packages/a7/e7/0553e21d25ca4d9f573135775348a372c3ec34a93a71d5f297c3bac38341/protobuf-7.36.0.tar.gz", hash = "sha256:e8e09cb0d794c6687926fa558a8a6e72aa10edb997d5ca61da0765f12a3e00ea", size = 510034, upload-time = "2026-08-20T16:34:01.071Z" }
wheels = [
    { url = "https://files.pythonhosted.org/packages/8f/ae/58e3ca96cb2e118cc546b677359b3c6659f79a140935c08dec94c7998585/protobuf-7.36.0-cp310-abi3-macosx_10_9_universal2.whl", hash = "sha256:9103532dffd80c6fab7e50c65a31007680a06eb57537d437bb1b35812c138a37", size = 453256, upload-time = "2026-08-20T16:33:53.945Z" },
    { url = "https://files.pythonhosted.org/packages/f0/15/5162230af4912697f0fe406f6800f80760945babcff0e2c2fe6c84ef2d5d/protobuf-7.36.0-cp310-abi3-manylinux2014_aarch64.whl", hash = "sha256:bf94a5917c71058262de683669bc0a797a7669d3de71f0b36d058e3194f47b44", size = 341436, upload-time = "2026-08-20T16:33:55.134Z" },
    { url = "https://files.pythonhosted.org/packages/d7/09/1670b2bfc9a45e807e520c3e9be36524db9ccc7dc05ea17af7681cabdc61/protobuf-7.36.0-cp310-abi3-manylinux2014_s390x.whl", hash = "sha256:3297e60abdff301e5f74393d87f6cc59dacab5f024a89548a6e8de1d26576b16", size = 354440, upload-time = "2026-08-20T16:33:56.077Z" },
    { url = "https://files.pythonhosted.org/packages/c7/f8/bd5804695ba400e423c33fd4d9f58c28d86633d5ba1945c36ff3967d98cb/protobuf-7.36.0-cp310-abi3-manylinux2014_x86_64.whl", hash = "sha256:70f5ec8eb0da81a44360c0dc0beac99a0d78071d21956a7076bae8bd2051841b", size = 340439, upload-time = "2026-08-20T16:33:56.992Z" },
    { url = "https://files.pythonhosted.org/packages/ef/9f/acd02338235a3e7d03168c4303478347b7624fc8189ff4e7f0d2654bbe86/protobuf-7.36.0-cp310-abi3-win32.whl", hash = "sha256:7326fd717bdc419162a735938d89d4032332bcc3408804012b24ff3a37086071", size = 440216, upload-time = "2026-08-20T16:33:57.99Z" },
    { url = "https://files.pythonhosted.org/packages/0e/4e/12cb93270967a2affff5b3f720694700d4d87712a67afd05c8cb3f6fa52c/protobuf-7.36.0-cp310-abi3-win_amd64.whl", hash = "sha256:1781cc1de61249b750848029bca452c0a8b7e990080316b9bbc2518b2117b488", size = 453731, upload-time = "2026-08-20T16:33:58.951Z" },
    { url = "https://files.pythonhosted.org/packages/01/c3/629999e78d46c1115c11886d51c6bd68c17ce4a944f1ea3e153a91316a33/protobuf-7.36.0-py3-none-any.whl", hash = "sha256:53374d53fc29a67f7dbbf0ade47d7526a0f0137bf0f9c90e48d8a60790ef748c", size = 177024, upload-time = "2026-08-20T16:34:00.053Z" },
]

[[package]]
name = "temporalio"
version = "1.32.0"
source = { registry = "https://pypi.org/simple" }
dependencies = [
    { name = "nexus-rpc" },
    { name = "protobuf" },
    { name = "types-protobuf" },
    { name = "typing-extensions" },
]
sdist = { url = "https://files.pythonhosted.org/packages/1b/d8/18cf5bbbcc4b4c884d7723c9b54bf8d1d2556d9fbef3e99599dd3db12034/temporalio-1.32.0.tar.gz", hash = "sha256:2cfa50ec7ebdab66902b80c3a09da3258883d68540811ebfbf44f7f293a4d7d0", size = 2997642, upload-time = "2026-08-24T21:24:37.631Z" }
wheels = [
    { url = "https://files.pythonhosted.org/packages/37/0b/adad9dcd8b96c760cd04dcc75f0a0f136aabdb78c4b180219589749469a4/temporalio-1.32.0-cp310-abi3-macosx_10_12_x86_64.whl", hash = "sha256:47c128732e5d49235c9daeeb084d55093cee5ebc200ccc3afaeb4468f08d809e", size = 13796063, upload-time = "2026-08-24T21:24:16.638Z" },
    { url = "https://files.pythonhosted.org/packages/d0/84/6cc96518a2aff3ce9fb132479811bb29db563fbcdc947c279df8f089721a/temporalio-1.32.0-cp310-abi3-macosx_11_0_arm64.whl", hash = "sha256:e78a209dc5ef3303bc6a3033fe11ffd813b778e4b176ec18d20386d65952daa9", size = 13467827, upload-time = "2026-08-24T21:24:19.731Z" },
    { url = "https://files.pythonhosted.org/packages/92/d0/720e5e9bb51ae1af6b9fea4d5c56d6ac6e94fbf4c8b86a6b0b318b6aef1e/temporalio-1.32.0-cp310-abi3-manylinux_2_17_aarch64.manylinux2014_aarch64.whl", hash = "sha256:a86be3a6d237ea6cc2d632015a5df4cead2aa3143b9601721428b53b87df81e2", size = 13854003, upload-time = "2026-08-24T21:24:22.743Z" },
    { url = "https://files.pythonhosted.org/packages/e9/6b/8c8973ad314efc8c124e9a0f602ae96533c7e624b3cde7fcc9704aa46dd2/temporalio-1.32.0-cp310-abi3-manylinux_2_17_x86_64.manylinux2014_x86_64.whl", hash = "sha256:4dd44a60ba54901560011a32f085353c0f5e7dac6b8d7a7e0c7c4ba508c6bf5d", size = 14193177, upload-time = "2026-08-24T21:24:25.849Z" },
    { url = "https://files.pythonhosted.org/packages/5b/ad/7496f8424a6ccc9b6ce6c629f9375744e8a439e9a692bd27b4f77b99977a/temporalio-1.32.0-cp310-abi3-musllinux_1_2_aarch64.whl", hash = "sha256:6a7100b1f1bf781f8f1800f89bb787b3dd7ce883e78603442d0c7a40e1143a86", size = 13920043, upload-time = "2026-08-24T21:24:28.667Z" },
    { url = "https://files.pythonhosted.org/packages/5b/16/73fa24d69e70035323217e87d33cb3df6415e1906db07b2112c9a6b09e33/temporalio-1.32.0-cp310-abi3-musllinux_1_2_x86_64.whl", hash = "sha256:311abb9f0650f4ad9f24944ef16d8ed47954ddc3075c1e8c73dcd968d70ccdce", size = 14309243, upload-time = "2026-08-24T21:24:31.727Z" },
    { url = "https://files.pythonhosted.org/packages/07/72/4a49f38f294f9cc1ba15c0b5272adfa7d2a0da38e924ed7f0b1ea2e5bbc9/temporalio-1.32.0-cp310-abi3-win_amd64.whl", hash = "sha256:158386bcd9a6dce1ab63d732fc967c5a5830e15c3012ffaa4b8772bdac099e0f", size = 15196754, upload-time = "2026-08-24T21:24:34.931Z" },
]

[[package]]
name = "types-protobuf"
version = "7.35.1.20260827"
source = { registry = "https://pypi.org/simple" }
sdist = { url = "https://files.pythonhosted.org/packages/44/07/541ffc94a4baee7d92ec91d91018aa684f97ece608b74619863e3cfd9cb3/types_protobuf-7.35.1.20260827.tar.gz", hash = "sha256:5a98c18177cfd968d6a0de55ecfc4221aa829ef88bcd86104298e028516b04af", size = 69646, upload-time = "2026-08-27T12:06:04.93Z" }
wheels = [
    { url = "https://files.pythonhosted.org/packages/01/e2/7ce7c4802bcf3732155dedc23fe3d2b506a387d6b42da61261886f42af80/types_protobuf-7.35.1.20260827-py3-none-any.whl", hash = "sha256:7cc452a012678a6a889287d4cb702ea54b9f90a6ab0f3aa4c019d21f3ae7529b", size = 86412, upload-time = "2026-08-27T12:06:03.826Z" },
]

[[package]]
name = "typing-extensions"
version = "4.16.0"
source = { registry = "https://pypi.org/simple" }
sdist = { url = "https://files.pythonhosted.org/packages/f6/cc/6253133b5bb138fc3306cebfbda2c520f545d36b5be2c7255cc528bb45d6/typing_extensions-4.16.0.tar.gz", hash = "sha256:dc983d19a509c94dba722ee6abd33940f7c05a89e243c47e907eb4db6f1a43e5", size = 113555, upload-time = "2026-07-02T08:40:05.92Z" }
wheels = [
    { url = "https://files.pythonhosted.org/packages/49/d3/b8441a820a491ddfc024b0b0cf0393375b75ea13866d9c66727e54c2fc80/typing_extensions-4.16.0-py3-none-any.whl", hash = "sha256:481caa481374e813c1b176ada14e97f1f67a4539ce9cfeb3f350d78d6370c2e8", size = 45571, upload-time = "2026-07-02T08:40:04.659Z" },
]
